// !$*UTF8*$!
{
	archiveVersion = 1;
	classes = {
	};
	objectVersion = 56;
	objects = {

/* Begin PBXBuildFile section */
		D394175B2996850A00362680 /* PostsTableViewController.swift in Sources */ = {isa = PBXBuildFile; fileRef = D394175A2996850A00362680 /* PostsTableViewController.swift */; };
		D394175D2996860100362680 /* PostsViewModel.swift in Sources */ = {isa = PBXBuildFile; fileRef = D394175C2996860100362680 /* PostsViewModel.swift */; };
		D3A3D6352999219E00DAEAA8 /* PostsListingTests.swift in Sources */ = {isa = PBXBuildFile; fileRef = D3A3D6342999219E00DAEAA8 /* PostsListingTests.swift */; };
		D3A3D6372999382C00DAEAA8 /* PostDetailTests.swift in Sources */ = {isa = PBXBuildFile; fileRef = D3A3D6362999382C00DAEAA8 /* PostDetailTests.swift */; };
		D3B6AB4F29964AA9000099DA /* User.swift in Sources */ = {isa = PBXBuildFile; fileRef = D3B6AB4C29964AA9000099DA /* User.swift */; };
		D3B6AB5029964AA9000099DA /* Comment.swift in Sources */ = {isa = PBXBuildFile; fileRef = D3B6AB4D29964AA9000099DA /* Comment.swift */; };
		D3B6AB5129964AA9000099DA /* Post.swift in Sources */ = {isa = PBXBuildFile; fileRef = D3B6AB4E29964AA9000099DA /* Post.swift */; };
		D3B6AB5929964B51000099DA /* HttpClient.swift in Sources */ = {isa = PBXBuildFile; fileRef = D3B6AB5329964B51000099DA /* HttpClient.swift */; };
		D3B6AB5A29964B51000099DA /* JsonPlaceholderEndpoints.swift in Sources */ = {isa = PBXBuildFile; fileRef = D3B6AB5429964B51000099DA /* JsonPlaceholderEndpoints.swift */; };
		D3B6AB5B29964B51000099DA /* UserService.swift in Sources */ = {isa = PBXBuildFile; fileRef = D3B6AB5629964B51000099DA /* UserService.swift */; };
		D3B6AB5C29964B51000099DA /* PostService.swift in Sources */ = {isa = PBXBuildFile; fileRef = D3B6AB5729964B51000099DA /* PostService.swift */; };
		D3B6AB5D29964B51000099DA /* ApiService.swift in Sources */ = {isa = PBXBuildFile; fileRef = D3B6AB5829964B51000099DA /* ApiService.swift */; };
		D3B6AB5F29964DBE000099DA /* config.json in Resources */ = {isa = PBXBuildFile; fileRef = D3B6AB5E29964DBE000099DA /* config.json */; };
		D3C29F0C2997B39600BC859E /* MockProvider.swift in Sources */ = {isa = PBXBuildFile; fileRef = D3C29F0B2997B39600BC859E /* MockProvider.swift */; };
		D3CA102F2996479F0012A46E /* AppDelegate.swift in Sources */ = {isa = PBXBuildFile; fileRef = D3CA102E2996479F0012A46E /* AppDelegate.swift */; };
		D3CA10312996479F0012A46E /* SceneDelegate.swift in Sources */ = {isa = PBXBuildFile; fileRef = D3CA10302996479F0012A46E /* SceneDelegate.swift */; };
		D3CA1038299647A00012A46E /* Assets.xcassets in Resources */ = {isa = PBXBuildFile; fileRef = D3CA1037299647A00012A46E /* Assets.xcassets */; };
		D3CA103B299647A00012A46E /* LaunchScreen.storyboard in Resources */ = {isa = PBXBuildFile; fileRef = D3CA1039299647A00012A46E /* LaunchScreen.storyboard */; };
		D3CA1050299647A00012A46E /* EurowingsChallengeUITests.swift in Sources */ = {isa = PBXBuildFile; fileRef = D3CA104F299647A00012A46E /* EurowingsChallengeUITests.swift */; };
		D3CA1052299647A00012A46E /* EurowingsChallengeUITestsLaunchTests.swift in Sources */ = {isa = PBXBuildFile; fileRef = D3CA1051299647A00012A46E /* EurowingsChallengeUITestsLaunchTests.swift */; };
		D3CA10602996498C0012A46E /* ConfigProvider.swift in Sources */ = {isa = PBXBuildFile; fileRef = D3CA105F2996498C0012A46E /* ConfigProvider.swift */; };
		D3CA1063299649B80012A46E /* Config.swift in Sources */ = {isa = PBXBuildFile; fileRef = D3CA1062299649B80012A46E /* Config.swift */; };
		D3E760B229976FAC00CC25FE /* PostsViewState.swift in Sources */ = {isa = PBXBuildFile; fileRef = D3E760B129976FAC00CC25FE /* PostsViewState.swift */; };
		D3E760B529976FE600CC25FE /* ViewState.swift in Sources */ = {isa = PBXBuildFile; fileRef = D3E760B429976FE600CC25FE /* ViewState.swift */; };
		D3E760B729976FF300CC25FE /* ErrorViewState.swift in Sources */ = {isa = PBXBuildFile; fileRef = D3E760B629976FF300CC25FE /* ErrorViewState.swift */; };
		D3E760B9299770F900CC25FE /* ErrorViewComponent.swift in Sources */ = {isa = PBXBuildFile; fileRef = D3E760B8299770F900CC25FE /* ErrorViewComponent.swift */; };
		D3E760BC2997A32A00CC25FE /* PostDetailViewModel.swift in Sources */ = {isa = PBXBuildFile; fileRef = D3E760BB2997A32A00CC25FE /* PostDetailViewModel.swift */; };
		D3E760C02997A33800CC25FE /* PostDetailView.swift in Sources */ = {isa = PBXBuildFile; fileRef = D3E760BF2997A33800CC25FE /* PostDetailView.swift */; };
		D3E760C22997A33E00CC25FE /* PostDetailViewState.swift in Sources */ = {isa = PBXBuildFile; fileRef = D3E760C12997A33E00CC25FE /* PostDetailViewState.swift */; };
/* End PBXBuildFile section */

/* Begin PBXContainerItemProxy section */
		D3CA1042299647A00012A46E /* PBXContainerItemProxy */ = {
			isa = PBXContainerItemProxy;
			containerPortal = D3CA10232996479F0012A46E /* Project object */;
			proxyType = 1;
			remoteGlobalIDString = D3CA102A2996479F0012A46E;
			remoteInfo = EurowingsChallenge;
		};
		D3CA104C299647A00012A46E /* PBXContainerItemProxy */ = {
			isa = PBXContainerItemProxy;
			containerPortal = D3CA10232996479F0012A46E /* Project object */;
			proxyType = 1;
			remoteGlobalIDString = D3CA102A2996479F0012A46E;
			remoteInfo = EurowingsChallenge;
		};
/* End PBXContainerItemProxy section */

/* Begin PBXFileReference section */
		D394175A2996850A00362680 /* PostsTableViewController.swift */ = {isa = PBXFileReference; lastKnownFileType = sourcecode.swift; path = PostsTableViewController.swift; sourceTree = "<group>"; };
		D394175C2996860100362680 /* PostsViewModel.swift */ = {isa = PBXFileReference; lastKnownFileType = sourcecode.swift; path = PostsViewModel.swift; sourceTree = "<group>"; };
		D3A3D6342999219E00DAEAA8 /* PostsListingTests.swift */ = {isa = PBXFileReference; lastKnownFileType = sourcecode.swift; path = PostsListingTests.swift; sourceTree = "<group>"; };
		D3A3D6362999382C00DAEAA8 /* PostDetailTests.swift */ = {isa = PBXFileReference; lastKnownFileType = sourcecode.swift; path = PostDetailTests.swift; sourceTree = "<group>"; };
		D3B6AB4C29964AA9000099DA /* User.swift */ = {isa = PBXFileReference; fileEncoding = 4; lastKnownFileType = sourcecode.swift; path = User.swift; sourceTree = "<group>"; };
		D3B6AB4D29964AA9000099DA /* Comment.swift */ = {isa = PBXFileReference; fileEncoding = 4; lastKnownFileType = sourcecode.swift; path = Comment.swift; sourceTree = "<group>"; };
		D3B6AB4E29964AA9000099DA /* Post.swift */ = {isa = PBXFileReference; fileEncoding = 4; lastKnownFileType = sourcecode.swift; path = Post.swift; sourceTree = "<group>"; };
		D3B6AB5329964B51000099DA /* HttpClient.swift */ = {isa = PBXFileReference; fileEncoding = 4; lastKnownFileType = sourcecode.swift; path = HttpClient.swift; sourceTree = "<group>"; };
		D3B6AB5429964B51000099DA /* JsonPlaceholderEndpoints.swift */ = {isa = PBXFileReference; fileEncoding = 4; lastKnownFileType = sourcecode.swift; path = JsonPlaceholderEndpoints.swift; sourceTree = "<group>"; };
		D3B6AB5629964B51000099DA /* UserService.swift */ = {isa = PBXFileReference; fileEncoding = 4; lastKnownFileType = sourcecode.swift; path = UserService.swift; sourceTree = "<group>"; };
		D3B6AB5729964B51000099DA /* PostService.swift */ = {isa = PBXFileReference; fileEncoding = 4; lastKnownFileType = sourcecode.swift; path = PostService.swift; sourceTree = "<group>"; };
		D3B6AB5829964B51000099DA /* ApiService.swift */ = {isa = PBXFileReference; fileEncoding = 4; lastKnownFileType = sourcecode.swift; path = ApiService.swift; sourceTree = "<group>"; };
		D3B6AB5E29964DBE000099DA /* config.json */ = {isa = PBXFileReference; fileEncoding = 4; lastKnownFileType = text.json; path = config.json; sourceTree = "<group>"; };
		D3C29F0B2997B39600BC859E /* MockProvider.swift */ = {isa = PBXFileReference; lastKnownFileType = sourcecode.swift; path = MockProvider.swift; sourceTree = "<group>"; };
		D3CA102B2996479F0012A46E /* EurowingsChallenge.app */ = {isa = PBXFileReference; explicitFileType = wrapper.application; includeInIndex = 0; path = EurowingsChallenge.app; sourceTree = BUILT_PRODUCTS_DIR; };
		D3CA102E2996479F0012A46E /* AppDelegate.swift */ = {isa = PBXFileReference; lastKnownFileType = sourcecode.swift; path = AppDelegate.swift; sourceTree = "<group>"; };
		D3CA10302996479F0012A46E /* SceneDelegate.swift */ = {isa = PBXFileReference; lastKnownFileType = sourcecode.swift; path = SceneDelegate.swift; sourceTree = "<group>"; };
		D3CA1037299647A00012A46E /* Assets.xcassets */ = {isa = PBXFileReference; lastKnownFileType = folder.assetcatalog; path = Assets.xcassets; sourceTree = "<group>"; };
		D3CA103A299647A00012A46E /* Base */ = {isa = PBXFileReference; lastKnownFileType = file.storyboard; name = Base; path = Base.lproj/LaunchScreen.storyboard; sourceTree = "<group>"; };
		D3CA103C299647A00012A46E /* Info.plist */ = {isa = PBXFileReference; lastKnownFileType = text.plist.xml; path = Info.plist; sourceTree = "<group>"; };
		D3CA1041299647A00012A46E /* EurowingsChallengeTests.xctest */ = {isa = PBXFileReference; explicitFileType = wrapper.cfbundle; includeInIndex = 0; path = EurowingsChallengeTests.xctest; sourceTree = BUILT_PRODUCTS_DIR; };
		D3CA104B299647A00012A46E /* EurowingsChallengeUITests.xctest */ = {isa = PBXFileReference; explicitFileType = wrapper.cfbundle; includeInIndex = 0; path = EurowingsChallengeUITests.xctest; sourceTree = BUILT_PRODUCTS_DIR; };
		D3CA104F299647A00012A46E /* EurowingsChallengeUITests.swift */ = {isa = PBXFileReference; lastKnownFileType = sourcecode.swift; path = EurowingsChallengeUITests.swift; sourceTree = "<group>"; };
		D3CA1051299647A00012A46E /* EurowingsChallengeUITestsLaunchTests.swift */ = {isa = PBXFileReference; lastKnownFileType = sourcecode.swift; path = EurowingsChallengeUITestsLaunchTests.swift; sourceTree = "<group>"; };
		D3CA105F2996498C0012A46E /* ConfigProvider.swift */ = {isa = PBXFileReference; fileEncoding = 4; lastKnownFileType = sourcecode.swift; path = ConfigProvider.swift; sourceTree = "<group>"; };
		D3CA1062299649B80012A46E /* Config.swift */ = {isa = PBXFileReference; fileEncoding = 4; lastKnownFileType = sourcecode.swift; path = Config.swift; sourceTree = "<group>"; };
		D3E760B129976FAC00CC25FE /* PostsViewState.swift */ = {isa = PBXFileReference; lastKnownFileType = sourcecode.swift; path = PostsViewState.swift; sourceTree = "<group>"; };
		D3E760B429976FE600CC25FE /* ViewState.swift */ = {isa = PBXFileReference; lastKnownFileType = sourcecode.swift; path = ViewState.swift; sourceTree = "<group>"; };
		D3E760B629976FF300CC25FE /* ErrorViewState.swift */ = {isa = PBXFileReference; lastKnownFileType = sourcecode.swift; path = ErrorViewState.swift; sourceTree = "<group>"; };
		D3E760B8299770F900CC25FE /* ErrorViewComponent.swift */ = {isa = PBXFileReference; lastKnownFileType = sourcecode.swift; path = ErrorViewComponent.swift; sourceTree = "<group>"; };
		D3E760BB2997A32A00CC25FE /* PostDetailViewModel.swift */ = {isa = PBXFileReference; lastKnownFileType = sourcecode.swift; path = PostDetailViewModel.swift; sourceTree = "<group>"; };
		D3E760BF2997A33800CC25FE /* PostDetailView.swift */ = {isa = PBXFileReference; lastKnownFileType = sourcecode.swift; path = PostDetailView.swift; sourceTree = "<group>"; };
		D3E760C12997A33E00CC25FE /* PostDetailViewState.swift */ = {isa = PBXFileReference; lastKnownFileType = sourcecode.swift; path = PostDetailViewState.swift; sourceTree = "<group>"; };
/* End PBXFileReference section */

/* Begin PBXFrameworksBuildPhase section */
		D3CA10282996479F0012A46E /* Frameworks */ = {
			isa = PBXFrameworksBuildPhase;
			buildActionMask = 2147483647;
			files = (
			);
			runOnlyForDeploymentPostprocessing = 0;
		};
		D3CA103E299647A00012A46E /* Frameworks */ = {
			isa = PBXFrameworksBuildPhase;
			buildActionMask = 2147483647;
			files = (
			);
			runOnlyForDeploymentPostprocessing = 0;
		};
		D3CA1048299647A00012A46E /* Frameworks */ = {
			isa = PBXFrameworksBuildPhase;
			buildActionMask = 2147483647;
			files = (
			);
			runOnlyForDeploymentPostprocessing = 0;
		};
/* End PBXFrameworksBuildPhase section */

/* Begin PBXGroup section */
		D3941758299684CB00362680 /* Pages */ = {
			isa = PBXGroup;
			children = (
				D3E760BA2997A31000CC25FE /* Post Detail */,
				D3941759299684DB00362680 /* Posts Listing */,
				D3E760B8299770F900CC25FE /* ErrorViewComponent.swift */,
			);
			path = Pages;
			sourceTree = "<group>";
		};
		D3941759299684DB00362680 /* Posts Listing */ = {
			isa = PBXGroup;
			children = (
				D394175A2996850A00362680 /* PostsTableViewController.swift */,
				D394175C2996860100362680 /* PostsViewModel.swift */,
				D3E760B129976FAC00CC25FE /* PostsViewState.swift */,
			);
			path = "Posts Listing";
			sourceTree = "<group>";
		};
		D3A3D6322999216600DAEAA8 /* Listing */ = {
			isa = PBXGroup;
			children = (
				D3A3D6342999219E00DAEAA8 /* PostsListingTests.swift */,
			);
			path = Listing;
			sourceTree = "<group>";
		};
		D3A3D6332999217600DAEAA8 /* Detail */ = {
			isa = PBXGroup;
			children = (
				D3A3D6362999382C00DAEAA8 /* PostDetailTests.swift */,
			);
			path = Detail;
			sourceTree = "<group>";
		};
		D3B6AB5229964B51000099DA /* Networking */ = {
			isa = PBXGroup;
			children = (
				D3B6AB5329964B51000099DA /* HttpClient.swift */,
				D3B6AB5429964B51000099DA /* JsonPlaceholderEndpoints.swift */,
				D3B6AB5529964B51000099DA /* Services */,
			);
			path = Networking;
			sourceTree = "<group>";
		};
		D3B6AB5529964B51000099DA /* Services */ = {
			isa = PBXGroup;
			children = (
				D3B6AB5629964B51000099DA /* UserService.swift */,
				D3B6AB5729964B51000099DA /* PostService.swift */,
				D3B6AB5829964B51000099DA /* ApiService.swift */,
			);
			path = Services;
			sourceTree = "<group>";
		};
		D3CA10222996479F0012A46E = {
			isa = PBXGroup;
			children = (
				D3CA102D2996479F0012A46E /* EurowingsChallenge */,
				D3CA1044299647A00012A46E /* EurowingsChallengeTests */,
				D3CA104E299647A00012A46E /* EurowingsChallengeUITests */,
				D3CA102C2996479F0012A46E /* Products */,
			);
			sourceTree = "<group>";
		};
		D3CA102C2996479F0012A46E /* Products */ = {
			isa = PBXGroup;
			children = (
				D3CA102B2996479F0012A46E /* EurowingsChallenge.app */,
				D3CA1041299647A00012A46E /* EurowingsChallengeTests.xctest */,
				D3CA104B299647A00012A46E /* EurowingsChallengeUITests.xctest */,
			);
			name = Products;
			sourceTree = "<group>";
		};
		D3CA102D2996479F0012A46E /* EurowingsChallenge */ = {
			isa = PBXGroup;
			children = (
				D3B6AB5E29964DBE000099DA /* config.json */,
				D3CA102E2996479F0012A46E /* AppDelegate.swift */,
				D3CA10302996479F0012A46E /* SceneDelegate.swift */,
				D3CA105E2996498C0012A46E /* Core */,
				D3CA1061299649B80012A46E /* Models */,
				D3B6AB5229964B51000099DA /* Networking */,
				D3941758299684CB00362680 /* Pages */,
				D3CA1064299649CA0012A46E /* Supporting Files */,
			);
			path = EurowingsChallenge;
			sourceTree = "<group>";
		};
		D3CA1044299647A00012A46E /* EurowingsChallengeTests */ = {
			isa = PBXGroup;
			children = (
				D3A3D6332999217600DAEAA8 /* Detail */,
				D3A3D6322999216600DAEAA8 /* Listing */,
			);
			path = EurowingsChallengeTests;
			sourceTree = "<group>";
		};
		D3CA104E299647A00012A46E /* EurowingsChallengeUITests */ = {
			isa = PBXGroup;
			children = (
				D3CA104F299647A00012A46E /* EurowingsChallengeUITests.swift */,
				D3CA1051299647A00012A46E /* EurowingsChallengeUITestsLaunchTests.swift */,
			);
			path = EurowingsChallengeUITests;
			sourceTree = "<group>";
		};
		D3CA105E2996498C0012A46E /* Core */ = {
			isa = PBXGroup;
			children = (
				D3E760B329976FCF00CC25FE /* ViewStates */,
				D3CA105F2996498C0012A46E /* ConfigProvider.swift */,
			);
			path = Core;
			sourceTree = "<group>";
		};
		D3CA1061299649B80012A46E /* Models */ = {
			isa = PBXGroup;
			children = (
				D3B6AB4D29964AA9000099DA /* Comment.swift */,
				D3B6AB4E29964AA9000099DA /* Post.swift */,
				D3B6AB4C29964AA9000099DA /* User.swift */,
				D3CA1062299649B80012A46E /* Config.swift */,
			);
			path = Models;
			sourceTree = "<group>";
		};
		D3CA1064299649CA0012A46E /* Supporting Files */ = {
			isa = PBXGroup;
			children = (
				D3CA1037299647A00012A46E /* Assets.xcassets */,
				D3CA1039299647A00012A46E /* LaunchScreen.storyboard */,
				D3CA103C299647A00012A46E /* Info.plist */,
				D3C29F0B2997B39600BC859E /* MockProvider.swift */,
			);
			path = "Supporting Files";
			sourceTree = "<group>";
		};
		D3E760B329976FCF00CC25FE /* ViewStates */ = {
			isa = PBXGroup;
			children = (
				D3E760B429976FE600CC25FE /* ViewState.swift */,
				D3E760B629976FF300CC25FE /* ErrorViewState.swift */,
			);
			path = ViewStates;
			sourceTree = "<group>";
		};
		D3E760BA2997A31000CC25FE /* Post Detail */ = {
			isa = PBXGroup;
			children = (
				D3E760BB2997A32A00CC25FE /* PostDetailViewModel.swift */,
				D3E760BF2997A33800CC25FE /* PostDetailView.swift */,
				D3E760C12997A33E00CC25FE /* PostDetailViewState.swift */,
			);
			path = "Post Detail";
			sourceTree = "<group>";
		};
/* End PBXGroup section */

/* Begin PBXNativeTarget section */
		D3CA102A2996479F0012A46E /* EurowingsChallenge */ = {
			isa = PBXNativeTarget;
			buildConfigurationList = D3CA1055299647A00012A46E /* Build configuration list for PBXNativeTarget "EurowingsChallenge" */;
			buildPhases = (
				D3CA10272996479F0012A46E /* Sources */,
				D3CA10282996479F0012A46E /* Frameworks */,
				D3CA10292996479F0012A46E /* Resources */,
			);
			buildRules = (
			);
			dependencies = (
			);
			name = EurowingsChallenge;
			productName = EurowingsChallenge;
			productReference = D3CA102B2996479F0012A46E /* EurowingsChallenge.app */;
			productType = "com.apple.product-type.application";
		};
		D3CA1040299647A00012A46E /* EurowingsChallengeTests */ = {
			isa = PBXNativeTarget;
			buildConfigurationList = D3CA1058299647A00012A46E /* Build configuration list for PBXNativeTarget "EurowingsChallengeTests" */;
			buildPhases = (
				D3CA103D299647A00012A46E /* Sources */,
				D3CA103E299647A00012A46E /* Frameworks */,
				D3CA103F299647A00012A46E /* Resources */,
			);
			buildRules = (
			);
			dependencies = (
				D3CA1043299647A00012A46E /* PBXTargetDependency */,
			);
			name = EurowingsChallengeTests;
			productName = EurowingsChallengeTests;
			productReference = D3CA1041299647A00012A46E /* EurowingsChallengeTests.xctest */;
			productType = "com.apple.product-type.bundle.unit-test";
		};
		D3CA104A299647A00012A46E /* EurowingsChallengeUITests */ = {
			isa = PBXNativeTarget;
			buildConfigurationList = D3CA105B299647A00012A46E /* Build configuration list for PBXNativeTarget "EurowingsChallengeUITests" */;
			buildPhases = (
				D3CA1047299647A00012A46E /* Sources */,
				D3CA1048299647A00012A46E /* Frameworks */,
				D3CA1049299647A00012A46E /* Resources */,
			);
			buildRules = (
			);
			dependencies = (
				D3CA104D299647A00012A46E /* PBXTargetDependency */,
			);
			name = EurowingsChallengeUITests;
			productName = EurowingsChallengeUITests;
			productReference = D3CA104B299647A00012A46E /* EurowingsChallengeUITests.xctest */;
			productType = "com.apple.product-type.bundle.ui-testing";
		};
/* End PBXNativeTarget section */

/* Begin PBXProject section */
		D3CA10232996479F0012A46E /* Project object */ = {
			isa = PBXProject;
			attributes = {
				BuildIndependentTargetsInParallel = 1;
				LastSwiftUpdateCheck = 1420;
				LastUpgradeCheck = 1420;
				TargetAttributes = {
					D3CA102A2996479F0012A46E = {
						CreatedOnToolsVersion = 14.2;
					};
					D3CA1040299647A00012A46E = {
						CreatedOnToolsVersion = 14.2;
						TestTargetID = D3CA102A2996479F0012A46E;
					};
					D3CA104A299647A00012A46E = {
						CreatedOnToolsVersion = 14.2;
						TestTargetID = D3CA102A2996479F0012A46E;
					};
				};
			};
			buildConfigurationList = D3CA10262996479F0012A46E /* Build configuration list for PBXProject "EurowingsChallenge" */;
			compatibilityVersion = "Xcode 14.0";
			developmentRegion = en;
			hasScannedForEncodings = 0;
			knownRegions = (
				en,
				Base,
			);
			mainGroup = D3CA10222996479F0012A46E;
			productRefGroup = D3CA102C2996479F0012A46E /* Products */;
			projectDirPath = "";
			projectRoot = "";
			targets = (
				D3CA102A2996479F0012A46E /* EurowingsChallenge */,
				D3CA1040299647A00012A46E /* EurowingsChallengeTests */,
				D3CA104A299647A00012A46E /* EurowingsChallengeUITests */,
			);
		};
/* End PBXProject section */

/* Begin PBXResourcesBuildPhase section */
		D3CA10292996479F0012A46E /* Resources */ = {
			isa = PBXResourcesBuildPhase;
			buildActionMask = 2147483647;
			files = (
				D3CA103B299647A00012A46E /* LaunchScreen.storyboard in Resources */,
				D3CA1038299647A00012A46E /* Assets.xcassets in Resources */,
				D3B6AB5F29964DBE000099DA /* config.json in Resources */,
			);
			runOnlyForDeploymentPostprocessing = 0;
		};
		D3CA103F299647A00012A46E /* Resources */ = {
			isa = PBXResourcesBuildPhase;
			buildActionMask = 2147483647;
			files = (
			);
			runOnlyForDeploymentPostprocessing = 0;
		};
		D3CA1049299647A00012A46E /* Resources */ = {
			isa = PBXResourcesBuildPhase;
			buildActionMask = 2147483647;
			files = (
			);
			runOnlyForDeploymentPostprocessing = 0;
		};
/* End PBXResourcesBuildPhase section */

/* Begin PBXSourcesBuildPhase section */
		D3CA10272996479F0012A46E /* Sources */ = {
			isa = PBXSourcesBuildPhase;
			buildActionMask = 2147483647;
			files = (
				D3CA10602996498C0012A46E /* ConfigProvider.swift in Sources */,
				D3B6AB5029964AA9000099DA /* Comment.swift in Sources */,
				D394175B2996850A00362680 /* PostsTableViewController.swift in Sources */,
				D3E760C22997A33E00CC25FE /* PostDetailViewState.swift in Sources */,
				D3B6AB5D29964B51000099DA /* ApiService.swift in Sources */,
				D3B6AB5929964B51000099DA /* HttpClient.swift in Sources */,
				D3CA1063299649B80012A46E /* Config.swift in Sources */,
				D3E760B529976FE600CC25FE /* ViewState.swift in Sources */,
				D3E760B9299770F900CC25FE /* ErrorViewComponent.swift in Sources */,
				D394175D2996860100362680 /* PostsViewModel.swift in Sources */,
				D3E760B229976FAC00CC25FE /* PostsViewState.swift in Sources */,
				D3B6AB5A29964B51000099DA /* JsonPlaceholderEndpoints.swift in Sources */,
				D3E760B729976FF300CC25FE /* ErrorViewState.swift in Sources */,
				D3B6AB5C29964B51000099DA /* PostService.swift in Sources */,
				D3C29F0C2997B39600BC859E /* MockProvider.swift in Sources */,
				D3CA102F2996479F0012A46E /* AppDelegate.swift in Sources */,
				D3E760BC2997A32A00CC25FE /* PostDetailViewModel.swift in Sources */,
				D3B6AB5B29964B51000099DA /* UserService.swift in Sources */,
				D3B6AB4F29964AA9000099DA /* User.swift in Sources */,
				D3E760C02997A33800CC25FE /* PostDetailView.swift in Sources */,
				D3B6AB5129964AA9000099DA /* Post.swift in Sources */,
				D3CA10312996479F0012A46E /* SceneDelegate.swift in Sources */,
			);
			runOnlyForDeploymentPostprocessing = 0;
		};
		D3CA103D299647A00012A46E /* Sources */ = {
			isa = PBXSourcesBuildPhase;
			buildActionMask = 2147483647;
			files = (
				D3A3D6352999219E00DAEAA8 /* PostsListingTests.swift in Sources */,
				D3A3D6372999382C00DAEAA8 /* PostDetailTests.swift in Sources */,
			);
			runOnlyForDeploymentPostprocessing = 0;
		};
		D3CA1047299647A00012A46E /* Sources */ = {
			isa = PBXSourcesBuildPhase;
			buildActionMask = 2147483647;
			files = (
				D3CA1052299647A00012A46E /* EurowingsChallengeUITestsLaunchTests.swift in Sources */,
				D3CA1050299647A00012A46E /* EurowingsChallengeUITests.swift in Sources */,
			);
			runOnlyForDeploymentPostprocessing = 0;
		};
/* End PBXSourcesBuildPhase section */

/* Begin PBXTargetDependency section */
		D3CA1043299647A00012A46E /* PBXTargetDependency */ = {
			isa = PBXTargetDependency;
			target = D3CA102A2996479F0012A46E /* EurowingsChallenge */;
			targetProxy = D3CA1042299647A00012A46E /* PBXContainerItemProxy */;
		};
		D3CA104D299647A00012A46E /* PBXTargetDependency */ = {
			isa = PBXTargetDependency;
			target = D3CA102A2996479F0012A46E /* EurowingsChallenge */;
			targetProxy = D3CA104C299647A00012A46E /* PBXContainerItemProxy */;
		};
/* End PBXTargetDependency section */

/* Begin PBXVariantGroup section */
		D3CA1039299647A00012A46E /* LaunchScreen.storyboard */ = {
			isa = PBXVariantGroup;
			children = (
				D3CA103A299647A00012A46E /* Base */,
			);
			name = LaunchScreen.storyboard;
			sourceTree = "<group>";
		};
/* End PBXVariantGroup section */

/* Begin XCBuildConfiguration section */
		D3CA1053299647A00012A46E /* Debug */ = {
			isa = XCBuildConfiguration;
			buildSettings = {
				ALWAYS_SEARCH_USER_PATHS = NO;
				CLANG_ANALYZER_NONNULL = YES;
				CLANG_ANALYZER_NUMBER_OBJECT_CONVERSION = YES_AGGRESSIVE;
				CLANG_CXX_LANGUAGE_STANDARD = "gnu++20";
				CLANG_ENABLE_MODULES = YES;
				CLANG_ENABLE_OBJC_ARC = YES;
				CLANG_ENABLE_OBJC_WEAK = YES;
				CLANG_WARN_BLOCK_CAPTURE_AUTORELEASING = YES;
				CLANG_WARN_BOOL_CONVERSION = YES;
				CLANG_WARN_COMMA = YES;
				CLANG_WARN_CONSTANT_CONVERSION = YES;
				CLANG_WARN_DEPRECATED_OBJC_IMPLEMENTATIONS = YES;
				CLANG_WARN_DIRECT_OBJC_ISA_USAGE = YES_ERROR;
				CLANG_WARN_DOCUMENTATION_COMMENTS = YES;
				CLANG_WARN_EMPTY_BODY = YES;
				CLANG_WARN_ENUM_CONVERSION = YES;
				CLANG_WARN_INFINITE_RECURSION = YES;
				CLANG_WARN_INT_CONVERSION = YES;
				CLANG_WARN_NON_LITERAL_NULL_CONVERSION = YES;
				CLANG_WARN_OBJC_IMPLICIT_RETAIN_SELF = YES;
				CLANG_WARN_OBJC_LITERAL_CONVERSION = YES;
				CLANG_WARN_OBJC_ROOT_CLASS = YES_ERROR;
				CLANG_WARN_QUOTED_INCLUDE_IN_FRAMEWORK_HEADER = YES;
				CLANG_WARN_RANGE_LOOP_ANALYSIS = YES;
				CLANG_WARN_STRICT_PROTOTYPES = YES;
				CLANG_WARN_SUSPICIOUS_MOVE = YES;
				CLANG_WARN_UNGUARDED_AVAILABILITY = YES_AGGRESSIVE;
				CLANG_WARN_UNREACHABLE_CODE = YES;
				CLANG_WARN__DUPLICATE_METHOD_MATCH = YES;
				COPY_PHASE_STRIP = NO;
				DEBUG_INFORMATION_FORMAT = dwarf;
				ENABLE_STRICT_OBJC_MSGSEND = YES;
				ENABLE_TESTABILITY = YES;
				GCC_C_LANGUAGE_STANDARD = gnu11;
				GCC_DYNAMIC_NO_PIC = NO;
				GCC_NO_COMMON_BLOCKS = YES;
				GCC_OPTIMIZATION_LEVEL = 0;
				GCC_PREPROCESSOR_DEFINITIONS = (
					"DEBUG=1",
					"$(inherited)",
				);
				GCC_WARN_64_TO_32_BIT_CONVERSION = YES;
				GCC_WARN_ABOUT_RETURN_TYPE = YES_ERROR;
				GCC_WARN_UNDECLARED_SELECTOR = YES;
				GCC_WARN_UNINITIALIZED_AUTOS = YES_AGGRESSIVE;
				GCC_WARN_UNUSED_FUNCTION = YES;
				GCC_WARN_UNUSED_VARIABLE = YES;
				IPHONEOS_DEPLOYMENT_TARGET = 16.2;
				MTL_ENABLE_DEBUG_INFO = INCLUDE_SOURCE;
				MTL_FAST_MATH = YES;
				ONLY_ACTIVE_ARCH = YES;
				SDKROOT = iphoneos;
				SWIFT_ACTIVE_COMPILATION_CONDITIONS = DEBUG;
				SWIFT_OPTIMIZATION_LEVEL = "-Onone";
			};
			name = Debug;
		};
		D3CA1054299647A00012A46E /* Release */ = {
			isa = XCBuildConfiguration;
			buildSettings = {
				ALWAYS_SEARCH_USER_PATHS = NO;
				CLANG_ANALYZER_NONNULL = YES;
				CLANG_ANALYZER_NUMBER_OBJECT_CONVERSION = YES_AGGRESSIVE;
				CLANG_CXX_LANGUAGE_STANDARD = "gnu++20";
				CLANG_ENABLE_MODULES = YES;
				CLANG_ENABLE_OBJC_ARC = YES;
				CLANG_ENABLE_OBJC_WEAK = YES;
				CLANG_WARN_BLOCK_CAPTURE_AUTORELEASING = YES;
				CLANG_WARN_BOOL_CONVERSION = YES;
				CLANG_WARN_COMMA = YES;
				CLANG_WARN_CONSTANT_CONVERSION = YES;
				CLANG_WARN_DEPRECATED_OBJC_IMPLEMENTATIONS = YES;
				CLANG_WARN_DIRECT_OBJC_ISA_USAGE = YES_ERROR;
				CLANG_WARN_DOCUMENTATION_COMMENTS = YES;
				CLANG_WARN_EMPTY_BODY = YES;
				CLANG_WARN_ENUM_CONVERSION = YES;
				CLANG_WARN_INFINITE_RECURSION = YES;
				CLANG_WARN_INT_CONVERSION = YES;
				CLANG_WARN_NON_LITERAL_NULL_CONVERSION = YES;
				CLANG_WARN_OBJC_IMPLICIT_RETAIN_SELF = YES;
				CLANG_WARN_OBJC_LITERAL_CONVERSION = YES;
				CLANG_WARN_OBJC_ROOT_CLASS = YES_ERROR;
				CLANG_WARN_QUOTED_INCLUDE_IN_FRAMEWORK_HEADER = YES;
				CLANG_WARN_RANGE_LOOP_ANALYSIS = YES;
				CLANG_WARN_STRICT_PROTOTYPES = YES;
				CLANG_WARN_SUSPICIOUS_MOVE = YES;
				CLANG_WARN_UNGUARDED_AVAILABILITY = YES_AGGRESSIVE;
				CLANG_WARN_UNREACHABLE_CODE = YES;
				CLANG_WARN__DUPLICATE_METHOD_MATCH = YES;
				COPY_PHASE_STRIP = NO;
				DEBUG_INFORMATION_FORMAT = "dwarf-with-dsym";
				ENABLE_NS_ASSERTIONS = NO;
				ENABLE_STRICT_OBJC_MSGSEND = YES;
				GCC_C_LANGUAGE_STANDARD = gnu11;
				GCC_NO_COMMON_BLOCKS = YES;
				GCC_WARN_64_TO_32_BIT_CONVERSION = YES;
				GCC_WARN_ABOUT_RETURN_TYPE = YES_ERROR;
				GCC_WARN_UNDECLARED_SELECTOR = YES;
				GCC_WARN_UNINITIALIZED_AUTOS = YES_AGGRESSIVE;
				GCC_WARN_UNUSED_FUNCTION = YES;
				GCC_WARN_UNUSED_VARIABLE = YES;
				IPHONEOS_DEPLOYMENT_TARGET = 16.2;
				MTL_ENABLE_DEBUG_INFO = NO;
				MTL_FAST_MATH = YES;
				SDKROOT = iphoneos;
				SWIFT_COMPILATION_MODE = wholemodule;
				SWIFT_OPTIMIZATION_LEVEL = "-O";
				VALIDATE_PRODUCT = YES;
			};
			name = Release;
		};
		D3CA1056299647A00012A46E /* Debug */ = {
			isa = XCBuildConfiguration;
			buildSettings = {
				ASSETCATALOG_COMPILER_APPICON_NAME = AppIcon;
				ASSETCATALOG_COMPILER_GLOBAL_ACCENT_COLOR_NAME = AccentColor;
				CODE_SIGN_STYLE = Automatic;
				CURRENT_PROJECT_VERSION = 1;
				DEVELOPMENT_TEAM = 6QD4B85MHP;
				GENERATE_INFOPLIST_FILE = YES;
				INFOPLIST_FILE = "EurowingsChallenge/Supporting Files/Info.plist";
				INFOPLIST_KEY_UIApplicationSupportsIndirectInputEvents = YES;
				INFOPLIST_KEY_UILaunchStoryboardName = LaunchScreen.storyboard;
				INFOPLIST_KEY_UISupportedInterfaceOrientations_iPad = "UIInterfaceOrientationPortrait UIInterfaceOrientationPortraitUpsideDown UIInterfaceOrientationLandscapeLeft UIInterfaceOrientationLandscapeRight";
				INFOPLIST_KEY_UISupportedInterfaceOrientations_iPhone = "UIInterfaceOrientationPortrait UIInterfaceOrientationLandscapeLeft UIInterfaceOrientationLandscapeRight";
				LD_RUNPATH_SEARCH_PATHS = (
					"$(inherited)",
					"@executable_path/Frameworks",
				);
				MARKETING_VERSION = 1.0;
				PRODUCT_BUNDLE_IDENTIFIER = tno.EurowingsChallenge;
				PRODUCT_NAME = "$(TARGET_NAME)";
				SUPPORTED_PLATFORMS = "iphoneos iphonesimulator";
				SUPPORTS_MACCATALYST = NO;
				SUPPORTS_MAC_DESIGNED_FOR_IPHONE_IPAD = NO;
				SWIFT_EMIT_LOC_STRINGS = YES;
				SWIFT_VERSION = 5.0;
				TARGETED_DEVICE_FAMILY = "1,2";
			};
			name = Debug;
		};
		D3CA1057299647A00012A46E /* Release */ = {
			isa = XCBuildConfiguration;
			buildSettings = {
				ASSETCATALOG_COMPILER_APPICON_NAME = AppIcon;
				ASSETCATALOG_COMPILER_GLOBAL_ACCENT_COLOR_NAME = AccentColor;
				CODE_SIGN_STYLE = Automatic;
				CURRENT_PROJECT_VERSION = 1;
				DEVELOPMENT_TEAM = 6QD4B85MHP;
				GENERATE_INFOPLIST_FILE = YES;
				INFOPLIST_FILE = "EurowingsChallenge/Supporting Files/Info.plist";
				INFOPLIST_KEY_UIApplicationSupportsIndirectInputEvents = YES;
				INFOPLIST_KEY_UILaunchStoryboardName = LaunchScreen.storyboard;
				INFOPLIST_KEY_UISupportedInterfaceOrientations_iPad = "UIInterfaceOrientationPortrait UIInterfaceOrientationPortraitUpsideDown UIInterfaceOrientationLandscapeLeft UIInterfaceOrientationLandscapeRight";
				INFOPLIST_KEY_UISupportedInterfaceOrientations_iPhone = "UIInterfaceOrientationPortrait UIInterfaceOrientationLandscapeLeft UIInterfaceOrientationLandscapeRight";
				LD_RUNPATH_SEARCH_PATHS = (
					"$(inherited)",
					"@executable_path/Frameworks",
				);
				MARKETING_VERSION = 1.0;
				PRODUCT_BUNDLE_IDENTIFIER = tno.EurowingsChallenge;
				PRODUCT_NAME = "$(TARGET_NAME)";
				SUPPORTED_PLATFORMS = "iphoneos iphonesimulator";
				SUPPORTS_MACCATALYST = NO;
				SUPPORTS_MAC_DESIGNED_FOR_IPHONE_IPAD = NO;
				SWIFT_EMIT_LOC_STRINGS = YES;
				SWIFT_VERSION = 5.0;
				TARGETED_DEVICE_FAMILY = "1,2";
			};
			name = Release;
		};
		D3CA1059299647A00012A46E /* Debug */ = {
			isa = XCBuildConfiguration;
			buildSettings = {
				ALWAYS_EMBED_SWIFT_STANDARD_LIBRARIES = YES;
				BUNDLE_LOADER = "$(TEST_HOST)";
				CODE_SIGN_STYLE = Automatic;
				CURRENT_PROJECT_VERSION = 1;
				DEVELOPMENT_TEAM = 6QD4B85MHP;
				GENERATE_INFOPLIST_FILE = YES;
				IPHONEOS_DEPLOYMENT_TARGET = 16.2;
				MARKETING_VERSION = 1.0;
				PRODUCT_BUNDLE_IDENTIFIER = tno.EurowingsChallengeTests;
				PRODUCT_NAME = "$(TARGET_NAME)";
				SWIFT_EMIT_LOC_STRINGS = NO;
				SWIFT_VERSION = 5.0;
				TARGETED_DEVICE_FAMILY = "1,2";
				TEST_HOST = "$(BUILT_PRODUCTS_DIR)/EurowingsChallenge.app/$(BUNDLE_EXECUTABLE_FOLDER_PATH)/EurowingsChallenge";
			};
			name = Debug;
		};
		D3CA105A299647A00012A46E /* Release */ = {
			isa = XCBuildConfiguration;
			buildSettings = {
				ALWAYS_EMBED_SWIFT_STANDARD_LIBRARIES = YES;
				BUNDLE_LOADER = "$(TEST_HOST)";
				CODE_SIGN_STYLE = Automatic;
				CURRENT_PROJECT_VERSION = 1;
				DEVELOPMENT_TEAM = 6QD4B85MHP;
				GENERATE_INFOPLIST_FILE = YES;
				IPHONEOS_DEPLOYMENT_TARGET = 16.2;
				MARKETING_VERSION = 1.0;
				PRODUCT_BUNDLE_IDENTIFIER = tno.EurowingsChallengeTests;
				PRODUCT_NAME = "$(TARGET_NAME)";
				SWIFT_EMIT_LOC_STRINGS = NO;
				SWIFT_VERSION = 5.0;
				TARGETED_DEVICE_FAMILY = "1,2";
				TEST_HOST = "$(BUILT_PRODUCTS_DIR)/EurowingsChallenge.app/$(BUNDLE_EXECUTABLE_FOLDER_PATH)/EurowingsChallenge";
			};
			name = Release;
		};
		D3CA105C299647A00012A46E /* Debug */ = {
			isa = XCBuildConfiguration;
			buildSettings = {
				ALWAYS_EMBED_SWIFT_STANDARD_LIBRARIES = YES;
				CODE_SIGN_STYLE = Automatic;
				CURRENT_PROJECT_VERSION = 1;
				DEVELOPMENT_TEAM = 6QD4B85MHP;
				GENERATE_INFOPLIST_FILE = YES;
				MARKETING_VERSION = 1.0;
				PRODUCT_BUNDLE_IDENTIFIER = tno.EurowingsChallengeUITests;
				PRODUCT_NAME = "$(TARGET_NAME)";
				SWIFT_EMIT_LOC_STRINGS = NO;
				SWIFT_VERSION = 5.0;
				TARGETED_DEVICE_FAMILY = "1,2";
				TEST_TARGET_NAME = EurowingsChallenge;
			};
			name = Debug;
		};
		D3CA105D299647A00012A46E /* Release */ = {
			isa = XCBuildConfiguration;
			buildSettings = {
				ALWAYS_EMBED_SWIFT_STANDARD_LIBRARIES = YES;
				CODE_SIGN_STYLE = Automatic;
				CURRENT_PROJECT_VERSION = 1;
				DEVELOPMENT_TEAM = 6QD4B85MHP;
				GENERATE_INFOPLIST_FILE = YES;
				MARKETING_VERSION = 1.0;
				PRODUCT_BUNDLE_IDENTIFIER = tno.EurowingsChallengeUITests;
				PRODUCT_NAME = "$(TARGET_NAME)";
				SWIFT_EMIT_LOC_STRINGS = NO;
				SWIFT_VERSION = 5.0;
				TARGETED_DEVICE_FAMILY = "1,2";
				TEST_TARGET_NAME = EurowingsChallenge;
			};
			name = Release;
		};
/* End XCBuildConfiguration section */

/* Begin XCConfigurationList section */
		D3CA10262996479F0012A46E /* Build configuration list for PBXProject "EurowingsChallenge" */ = {
			isa = XCConfigurationList;
			buildConfigurations = (
				D3CA1053299647A00012A46E /* Debug */,
				D3CA1054299647A00012A46E /* Release */,
			);
			defaultConfigurationIsVisible = 0;
			defaultConfigurationName = Release;
		};
		D3CA1055299647A00012A46E /* Build configuration list for PBXNativeTarget "EurowingsChallenge" */ = {
			isa = XCConfigurationList;
			buildConfigurations = (
				D3CA1056299647A00012A46E /* Debug */,
				D3CA1057299647A00012A46E /* Release */,
			);
			defaultConfigurationIsVisible = 0;
			defaultConfigurationName = Release;
		};
		D3CA1058299647A00012A46E /* Build configuration list for PBXNativeTarget "EurowingsChallengeTests" */ = {
			isa = XCConfigurationList;
			buildConfigurations = (
				D3CA1059299647A00012A46E /* Debug */,
				D3CA105A299647A00012A46E /* Release */,
			);
			defaultConfigurationIsVisible = 0;
			defaultConfigurationName = Release;
		};
		D3CA105B299647A00012A46E /* Build configuration list for PBXNativeTarget "EurowingsChallengeUITests" */ = {
			isa = XCConfigurationList;
			buildConfigurations = (
				D3CA105C299647A00012A46E /* Debug */,
				D3CA105D299647A00012A46E /* Release */,
			);
			defaultConfigurationIsVisible = 0;
			defaultConfigurationName = Release;
		};
/* End XCConfigurationList section */
	};
	rootObject = D3CA10232996479F0012A46E /* Project object */;
}
